// !$*UTF8*$!
{
	archiveVersion = 1;
	classes = {
	};
	objectVersion = 56;
	objects = {

/* Begin PBXBuildFile section */
		11AA73CE2CA930DD001761FE /* rrApp.swift in Sources */ = {isa = PBXBuildFile; fileRef = 11AA73CD2CA930DD001761FE /* rrApp.swift */; };
		11AA73D02CA930DD001761FE /* ContentView.swift in Sources */ = {isa = PBXBuildFile; fileRef = 11AA73CF2CA930DD001761FE /* ContentView.swift */; };
		11AA73D22CA930DD001761FE /* Assets.xcassets in Resources */ = {isa = PBXBuildFile; fileRef = 11AA73D12CA930DD001761FE /* Assets.xcassets */; };
		11AA73D52CA930DD001761FE /* Preview Assets.xcassets in Resources */ = {isa = PBXBuildFile; fileRef = 11AA73D42CA930DD001761FE /* Preview Assets.xcassets */; };
		11AA73DF2CA930DD001761FE /* rrTests.swift in Sources */ = {isa = PBXBuildFile; fileRef = 11AA73DE2CA930DD001761FE /* rrTests.swift */; };
		11AA73E92CA930DD001761FE /* rrUITests.swift in Sources */ = {isa = PBXBuildFile; fileRef = 11AA73E82CA930DD001761FE /* rrUITests.swift */; };
		11AA73EB2CA930DD001761FE /* rrUITestsLaunchTests.swift in Sources */ = {isa = PBXBuildFile; fileRef = 11AA73EA2CA930DD001761FE /* rrUITestsLaunchTests.swift */; };
/* End PBXBuildFile section */

/* Begin PBXContainerItemProxy section */
		11AA73DB2CA930DD001761FE /* PBXContainerItemProxy */ = {
			isa = PBXContainerItemProxy;
			containerPortal = 11AA73C22CA930DC001761FE /* Project object */;
			proxyType = 1;
			remoteGlobalIDString = 11AA73C92CA930DD001761FE;
			remoteInfo = rr;
		};
		11AA73E52CA930DD001761FE /* PBXContainerItemProxy */ = {
			isa = PBXContainerItemProxy;
			containerPortal = 11AA73C22CA930DC001761FE /* Project object */;
			proxyType = 1;
			remoteGlobalIDString = 11AA73C92CA930DD001761FE;
			remoteInfo = rr;
		};
/* End PBXContainerItemProxy section */

/* Begin PBXFileReference section */
		11AA73CA2CA930DD001761FE /* rr.app */ = {isa = PBXFileReference; explicitFileType = wrapper.application; includeInIndex = 0; path = rr.app; sourceTree = BUILT_PRODUCTS_DIR; };
		11AA73CD2CA930DD001761FE /* rrApp.swift */ = {isa = PBXFileReference; lastKnownFileType = sourcecode.swift; path = rrApp.swift; sourceTree = "<group>"; };
		11AA73CF2CA930DD001761FE /* ContentView.swift */ = {isa = PBXFileReference; lastKnownFileType = sourcecode.swift; path = ContentView.swift; sourceTree = "<group>"; };
		11AA73D12CA930DD001761FE /* Assets.xcassets */ = {isa = PBXFileReference; lastKnownFileType = folder.assetcatalog; path = Assets.xcassets; sourceTree = "<group>"; };
		11AA73D42CA930DD001761FE /* Preview Assets.xcassets */ = {isa = PBXFileReference; lastKnownFileType = folder.assetcatalog; path = "Preview Assets.xcassets"; sourceTree = "<group>"; };
		11AA73DA2CA930DD001761FE /* rrTests.xctest */ = {isa = PBXFileReference; explicitFileType = wrapper.cfbundle; includeInIndex = 0; path = rrTests.xctest; sourceTree = BUILT_PRODUCTS_DIR; };
		11AA73DE2CA930DD001761FE /* rrTests.swift */ = {isa = PBXFileReference; lastKnownFileType = sourcecode.swift; path = rrTests.swift; sourceTree = "<group>"; };
		11AA73E42CA930DD001761FE /* rrUITests.xctest */ = {isa = PBXFileReference; explicitFileType = wrapper.cfbundle; includeInIndex = 0; path = rrUITests.xctest; sourceTree = BUILT_PRODUCTS_DIR; };
		11AA73E82CA930DD001761FE /* rrUITests.swift */ = {isa = PBXFileReference; lastKnownFileType = sourcecode.swift; path = rrUITests.swift; sourceTree = "<group>"; };
		11AA73EA2CA930DD001761FE /* rrUITestsLaunchTests.swift */ = {isa = PBXFileReference; lastKnownFileType = sourcecode.swift; path = rrUITestsLaunchTests.swift; sourceTree = "<group>"; };
/* End PBXFileReference section */

/* Begin PBXFrameworksBuildPhase section */
		11AA73C72CA930DD001761FE /* Frameworks */ = {
			isa = PBXFrameworksBuildPhase;
			buildActionMask = 2147483647;
			files = (
			);
			runOnlyForDeploymentPostprocessing = 0;
		};
		11AA73D72CA930DD001761FE /* Frameworks */ = {
			isa = PBXFrameworksBuildPhase;
			buildActionMask = 2147483647;
			files = (
			);
			runOnlyForDeploymentPostprocessing = 0;
		};
		11AA73E12CA930DD001761FE /* Frameworks */ = {
			isa = PBXFrameworksBuildPhase;
			buildActionMask = 2147483647;
			files = (
			);
			runOnlyForDeploymentPostprocessing = 0;
		};
/* End PBXFrameworksBuildPhase section */

/* Begin PBXGroup section */
		11AA73C12CA930DC001761FE = {
			isa = PBXGroup;
			children = (
				11AA73CC2CA930DD001761FE /* rr */,
				11AA73DD2CA930DD001761FE /* rrTests */,
				11AA73E72CA930DD001761FE /* rrUITests */,
				11AA73CB2CA930DD001761FE /* Products */,
			);
			sourceTree = "<group>";
		};
		11AA73CB2CA930DD001761FE /* Products */ = {
			isa = PBXGroup;
			children = (
				11AA73CA2CA930DD001761FE /* rr.app */,
				11AA73DA2CA930DD001761FE /* rrTests.xctest */,
				11AA73E42CA930DD001761FE /* rrUITests.xctest */,
			);
			name = Products;
			sourceTree = "<group>";
		};
		11AA73CC2CA930DD001761FE /* rr */ = {
			isa = PBXGroup;
			children = (
				11AA73CD2CA930DD001761FE /* rrApp.swift */,
				11AA73CF2CA930DD001761FE /* ContentView.swift */,
				11AA73D12CA930DD001761FE /* Assets.xcassets */,
				11AA73D32CA930DD001761FE /* Preview Content */,
			);
			path = rr;
			sourceTree = "<group>";
		};
		11AA73D32CA930DD001761FE /* Preview Content */ = {
			isa = PBXGroup;
			children = (
				11AA73D42CA930DD001761FE /* Preview Assets.xcassets */,
			);
			path = "Preview Content";
			sourceTree = "<group>";
		};
		11AA73DD2CA930DD001761FE /* rrTests */ = {
			isa = PBXGroup;
			children = (
				11AA73DE2CA930DD001761FE /* rrTests.swift */,
			);
			path = rrTests;
			sourceTree = "<group>";
		};
		11AA73E72CA930DD001761FE /* rrUITests */ = {
			isa = PBXGroup;
			children = (
				11AA73E82CA930DD001761FE /* rrUITests.swift */,
				11AA73EA2CA930DD001761FE /* rrUITestsLaunchTests.swift */,
			);
			path = rrUITests;
			sourceTree = "<group>";
		};
/* End PBXGroup section */

/* Begin PBXNativeTarget section */
		11AA73C92CA930DD001761FE /* rr */ = {
			isa = PBXNativeTarget;
			buildConfigurationList = 11AA73EE2CA930DD001761FE /* Build configuration list for PBXNativeTarget "rr" */;
			buildPhases = (
				11AA73C62CA930DD001761FE /* Sources */,
				11AA73C72CA930DD001761FE /* Frameworks */,
				11AA73C82CA930DD001761FE /* Resources */,
			);
			buildRules = (
			);
			dependencies = (
			);
			name = rr;
			productName = rr;
			productReference = 11AA73CA2CA930DD001761FE /* rr.app */;
			productType = "com.apple.product-type.application";
		};
		11AA73D92CA930DD001761FE /* rrTests */ = {
			isa = PBXNativeTarget;
			buildConfigurationList = 11AA73F12CA930DD001761FE /* Build configuration list for PBXNativeTarget "rrTests" */;
			buildPhases = (
				11AA73D62CA930DD001761FE /* Sources */,
				11AA73D72CA930DD001761FE /* Frameworks */,
				11AA73D82CA930DD001761FE /* Resources */,
			);
			buildRules = (
			);
			dependencies = (
				11AA73DC2CA930DD001761FE /* PBXTargetDependency */,
			);
			name = rrTests;
			productName = rrTests;
			productReference = 11AA73DA2CA930DD001761FE /* rrTests.xctest */;
			productType = "com.apple.product-type.bundle.unit-test";
		};
		11AA73E32CA930DD001761FE /* rrUITests */ = {
			isa = PBXNativeTarget;
			buildConfigurationList = 11AA73F42CA930DD001761FE /* Build configuration list for PBXNativeTarget "rrUITests" */;
			buildPhases = (
				11AA73E02CA930DD001761FE /* Sources */,
				11AA73E12CA930DD001761FE /* Frameworks */,
				11AA73E22CA930DD001761FE /* Resources */,
			);
			buildRules = (
			);
			dependencies = (
				11AA73E62CA930DD001761FE /* PBXTargetDependency */,
			);
			name = rrUITests;
			productName = rrUITests;
			productReference = 11AA73E42CA930DD001761FE /* rrUITests.xctest */;
			productType = "com.apple.product-type.bundle.ui-testing";
		};
/* End PBXNativeTarget section */

/* Begin PBXProject section */
		11AA73C22CA930DC001761FE /* Project object */ = {
			isa = PBXProject;
			attributes = {
				BuildIndependentTargetsInParallel = 1;
				LastSwiftUpdateCheck = 1540;
				LastUpgradeCheck = 1540;
				TargetAttributes = {
					11AA73C92CA930DD001761FE = {
						CreatedOnToolsVersion = 15.4;
					};
					11AA73D92CA930DD001761FE = {
						CreatedOnToolsVersion = 15.4;
						TestTargetID = 11AA73C92CA930DD001761FE;
					};
					11AA73E32CA930DD001761FE = {
						CreatedOnToolsVersion = 15.4;
						TestTargetID = 11AA73C92CA930DD001761FE;
					};
				};
			};
			buildConfigurationList = 11AA73C52CA930DD001761FE /* Build configuration list for PBXProject "rr" */;
			compatibilityVersion = "Xcode 14.0";
			developmentRegion = en;
			hasScannedForEncodings = 0;
			knownRegions = (
				en,
				Base,
			);
			mainGroup = 11AA73C12CA930DC001761FE;
			productRefGroup = 11AA73CB2CA930DD001761FE /* Products */;
			projectDirPath = "";
			projectRoot = "";
			targets = (
				11AA73C92CA930DD001761FE /* rr */,
				11AA73D92CA930DD001761FE /* rrTests */,
				11AA73E32CA930DD001761FE /* rrUITests */,
			);
		};
/* End PBXProject section */

/* Begin PBXResourcesBuildPhase section */
		11AA73C82CA930DD001761FE /* Resources */ = {
			isa = PBXResourcesBuildPhase;
			buildActionMask = 2147483647;
			files = (
				11AA73D52CA930DD001761FE /* Preview Assets.xcassets in Resources */,
				11AA73D22CA930DD001761FE /* Assets.xcassets in Resources */,
			);
			runOnlyForDeploymentPostprocessing = 0;
		};
		11AA73D82CA930DD001761FE /* Resources */ = {
			isa = PBXResourcesBuildPhase;
			buildActionMask = 2147483647;
			files = (
			);
			runOnlyForDeploymentPostprocessing = 0;
		};
		11AA73E22CA930DD001761FE /* Resources */ = {
			isa = PBXResourcesBuildPhase;
			buildActionMask = 2147483647;
			files = (
			);
			runOnlyForDeploymentPostprocessing = 0;
		};
/* End PBXResourcesBuildPhase section */

/* Begin PBXSourcesBuildPhase section */
		11AA73C62CA930DD001761FE /* Sources */ = {
			isa = PBXSourcesBuildPhase;
			buildActionMask = 2147483647;
			files = (
				11AA73D02CA930DD001761FE /* ContentView.swift in Sources */,
				11AA73CE2CA930DD001761FE /* rrApp.swift in Sources */,
			);
			runOnlyForDeploymentPostprocessing = 0;
		};
		11AA73D62CA930DD001761FE /* Sources */ = {
			isa = PBXSourcesBuildPhase;
			buildActionMask = 2147483647;
			files = (
				11AA73DF2CA930DD001761FE /* rrTests.swift in Sources */,
			);
			runOnlyForDeploymentPostprocessing = 0;
		};
		11AA73E02CA930DD001761FE /* Sources */ = {
			isa = PBXSourcesBuildPhase;
			buildActionMask = 2147483647;
			files = (
				11AA73EB2CA930DD001761FE /* rrUITestsLaunchTests.swift in Sources */,
				11AA73E92CA930DD001761FE /* rrUITests.swift in Sources */,
			);
			runOnlyForDeploymentPostprocessing = 0;
		};
/* End PBXSourcesBuildPhase section */

/* Begin PBXTargetDependency section */
		11AA73DC2CA930DD001761FE /* PBXTargetDependency */ = {
			isa = PBXTargetDependency;
			target = 11AA73C92CA930DD001761FE /* rr */;
			targetProxy = 11AA73DB2CA930DD001761FE /* PBXContainerItemProxy */;
		};
		11AA73E62CA930DD001761FE /* PBXTargetDependency */ = {
			isa = PBXTargetDependency;
			target = 11AA73C92CA930DD001761FE /* rr */;
			targetProxy = 11AA73E52CA930DD001761FE /* PBXContainerItemProxy */;
		};
/* End PBXTargetDependency section */

/* Begin XCBuildConfiguration section */
		11AA73EC2CA930DD001761FE /* Debug */ = {
			isa = XCBuildConfiguration;
			buildSettings = {
				ALWAYS_SEARCH_USER_PATHS = NO;
				ASSETCATALOG_COMPILER_GENERATE_SWIFT_ASSET_SYMBOL_EXTENSIONS = YES;
				CLANG_ANALYZER_NONNULL = YES;
				CLANG_ANALYZER_NUMBER_OBJECT_CONVERSION = YES_AGGRESSIVE;
				CLANG_CXX_LANGUAGE_STANDARD = "gnu++20";
				CLANG_ENABLE_MODULES = YES;
				CLANG_ENABLE_OBJC_ARC = YES;
				CLANG_ENABLE_OBJC_WEAK = YES;
				CLANG_WARN_BLOCK_CAPTURE_AUTORELEASING = YES;
				CLANG_WARN_BOOL_CONVERSION = YES;
				CLANG_WARN_COMMA = YES;
				CLANG_WARN_CONSTANT_CONVERSION = YES;
				CLANG_WARN_DEPRECATED_OBJC_IMPLEMENTATIONS = YES;
				CLANG_WARN_DIRECT_OBJC_ISA_USAGE = YES_ERROR;
				CLANG_WARN_DOCUMENTATION_COMMENTS = YES;
				CLANG_WARN_EMPTY_BODY = YES;
				CLANG_WARN_ENUM_CONVERSION = YES;
				CLANG_WARN_INFINITE_RECURSION = YES;
				CLANG_WARN_INT_CONVERSION = YES;
				CLANG_WARN_NON_LITERAL_NULL_CONVERSION = YES;
				CLANG_WARN_OBJC_IMPLICIT_RETAIN_SELF = YES;
				CLANG_WARN_OBJC_LITERAL_CONVERSION = YES;
				CLANG_WARN_OBJC_ROOT_CLASS = YES_ERROR;
				CLANG_WARN_QUOTED_INCLUDE_IN_FRAMEWORK_HEADER = YES;
				CLANG_WARN_RANGE_LOOP_ANALYSIS = YES;
				CLANG_WARN_STRICT_PROTOTYPES = YES;
				CLANG_WARN_SUSPICIOUS_MOVE = YES;
				CLANG_WARN_UNGUARDED_AVAILABILITY = YES_AGGRESSIVE;
				CLANG_WARN_UNREACHABLE_CODE = YES;
				CLANG_WARN__DUPLICATE_METHOD_MATCH = YES;
				COPY_PHASE_STRIP = NO;
				DEBUG_INFORMATION_FORMAT = dwarf;
				ENABLE_STRICT_OBJC_MSGSEND = YES;
				ENABLE_TESTABILITY = YES;
				ENABLE_USER_SCRIPT_SANDBOXING = YES;
				GCC_C_LANGUAGE_STANDARD = gnu17;
				GCC_DYNAMIC_NO_PIC = NO;
				GCC_NO_COMMON_BLOCKS = YES;
				GCC_OPTIMIZATION_LEVEL = 0;
				GCC_PREPROCESSOR_DEFINITIONS = (
					"DEBUG=1",
					"$(inherited)",
				);
				GCC_WARN_64_TO_32_BIT_CONVERSION = YES;
				GCC_WARN_ABOUT_RETURN_TYPE = YES_ERROR;
				GCC_WARN_UNDECLARED_SELECTOR = YES;
				GCC_WARN_UNINITIALIZED_AUTOS = YES_AGGRESSIVE;
				GCC_WARN_UNUSED_FUNCTION = YES;
				GCC_WARN_UNUSED_VARIABLE = YES;
				IPHONEOS_DEPLOYMENT_TARGET = 17.5;
				LOCALIZATION_PREFERS_STRING_CATALOGS = YES;
				MTL_ENABLE_DEBUG_INFO = INCLUDE_SOURCE;
				MTL_FAST_MATH = YES;
				ONLY_ACTIVE_ARCH = YES;
				SDKROOT = iphoneos;
				SWIFT_ACTIVE_COMPILATION_CONDITIONS = "DEBUG $(inherited)";
				SWIFT_OPTIMIZATION_LEVEL = "-Onone";
			};
			name = Debug;
		};
		11AA73ED2CA930DD001761FE /* Release */ = {
			isa = XCBuildConfiguration;
			buildSettings = {
				ALWAYS_SEARCH_USER_PATHS = NO;
				ASSETCATALOG_COMPILER_GENERATE_SWIFT_ASSET_SYMBOL_EXTENSIONS = YES;
				CLANG_ANALYZER_NONNULL = YES;
				CLANG_ANALYZER_NUMBER_OBJECT_CONVERSION = YES_AGGRESSIVE;
				CLANG_CXX_LANGUAGE_STANDARD = "gnu++20";
				CLANG_ENABLE_MODULES = YES;
				CLANG_ENABLE_OBJC_ARC = YES;
				CLANG_ENABLE_OBJC_WEAK = YES;
				CLANG_WARN_BLOCK_CAPTURE_AUTORELEASING = YES;
				CLANG_WARN_BOOL_CONVERSION = YES;
				CLANG_WARN_COMMA = YES;
				CLANG_WARN_CONSTANT_CONVERSION = YES;
				CLANG_WARN_DEPRECATED_OBJC_IMPLEMENTATIONS = YES;
				CLANG_WARN_DIRECT_OBJC_ISA_USAGE = YES_ERROR;
				CLANG_WARN_DOCUMENTATION_COMMENTS = YES;
				CLANG_WARN_EMPTY_BODY = YES;
				CLANG_WARN_ENUM_CONVERSION = YES;
				CLANG_WARN_INFINITE_RECURSION = YES;
				CLANG_WARN_INT_CONVERSION = YES;
				CLANG_WARN_NON_LITERAL_NULL_CONVERSION = YES;
				CLANG_WARN_OBJC_IMPLICIT_RETAIN_SELF = YES;
				CLANG_WARN_OBJC_LITERAL_CONVERSION = YES;
				CLANG_WARN_OBJC_ROOT_CLASS = YES_ERROR;
				CLANG_WARN_QUOTED_INCLUDE_IN_FRAMEWORK_HEADER = YES;
				CLANG_WARN_RANGE_LOOP_ANALYSIS = YES;
				CLANG_WARN_STRICT_PROTOTYPES = YES;
				CLANG_WARN_SUSPICIOUS_MOVE = YES;
				CLANG_WARN_UNGUARDED_AVAILABILITY = YES_AGGRESSIVE;
				CLANG_WARN_UNREACHABLE_CODE = YES;
				CLANG_WARN__DUPLICATE_METHOD_MATCH = YES;
				COPY_PHASE_STRIP = NO;
				DEBUG_INFORMATION_FORMAT = "dwarf-with-dsym";
				ENABLE_NS_ASSERTIONS = NO;
				ENABLE_STRICT_OBJC_MSGSEND = YES;
				ENABLE_USER_SCRIPT_SANDBOXING = YES;
				GCC_C_LANGUAGE_STANDARD = gnu17;
				GCC_NO_COMMON_BLOCKS = YES;
				GCC_WARN_64_TO_32_BIT_CONVERSION = YES;
				GCC_WARN_ABOUT_RETURN_TYPE = YES_ERROR;
				GCC_WARN_UNDECLARED_SELECTOR = YES;
				GCC_WARN_UNINITIALIZED_AUTOS = YES_AGGRESSIVE;
				GCC_WARN_UNUSED_FUNCTION = YES;
				GCC_WARN_UNUSED_VARIABLE = YES;
				IPHONEOS_DEPLOYMENT_TARGET = 17.5;
				LOCALIZATION_PREFERS_STRING_CATALOGS = YES;
				MTL_ENABLE_DEBUG_INFO = NO;
				MTL_FAST_MATH = YES;
				SDKROOT = iphoneos;
				SWIFT_COMPILATION_MODE = wholemodule;
				VALIDATE_PRODUCT = YES;
			};
			name = Release;
		};
		11AA73EF2CA930DD001761FE /* Debug */ = {
			isa = XCBuildConfiguration;
			buildSettings = {
				ASSETCATALOG_COMPILER_APPICON_NAME = AppIcon;
				ASSETCATALOG_COMPILER_GLOBAL_ACCENT_COLOR_NAME = AccentColor;
				CODE_SIGN_STYLE = Automatic;
				CURRENT_PROJECT_VERSION = 1;
				DEVELOPMENT_ASSET_PATHS = "\"rr/Preview Content\"";
				ENABLE_PREVIEWS = YES;
				GENERATE_INFOPLIST_FILE = YES;
				INFOPLIST_KEY_UIApplicationSceneManifest_Generation = YES;
				INFOPLIST_KEY_UIApplicationSupportsIndirectInputEvents = YES;
				INFOPLIST_KEY_UILaunchScreen_Generation = YES;
				INFOPLIST_KEY_UISupportedInterfaceOrientations_iPad = "UIInterfaceOrientationPortrait UIInterfaceOrientationPortraitUpsideDown UIInterfaceOrientationLandscapeLeft UIInterfaceOrientationLandscapeRight";
				INFOPLIST_KEY_UISupportedInterfaceOrientations_iPhone = "UIInterfaceOrientationPortrait UIInterfaceOrientationLandscapeLeft UIInterfaceOrientationLandscapeRight";
				LD_RUNPATH_SEARCH_PATHS = (
					"$(inherited)",
					"@executable_path/Frameworks",
				);
				MARKETING_VERSION = 1.0;
				PRODUCT_BUNDLE_IDENTIFIER = come.Reem.rr;
				PRODUCT_NAME = "$(TARGET_NAME)";
				SWIFT_EMIT_LOC_STRINGS = YES;
				SWIFT_VERSION = 5.0;
				TARGETED_DEVICE_FAMILY = "1,2";
			};
			name = Debug;
		};
		11AA73F02CA930DD001761FE /* Release */ = {
			isa = XCBuildConfiguration;
			buildSettings = {
				ASSETCATALOG_COMPILER_APPICON_NAME = AppIcon;
				ASSETCATALOG_COMPILER_GLOBAL_ACCENT_COLOR_NAME = AccentColor;
				CODE_SIGN_STYLE = Automatic;
				CURRENT_PROJECT_VERSION = 1;
				DEVELOPMENT_ASSET_PATHS = "\"rr/Preview Content\"";
				ENABLE_PREVIEWS = YES;
				GENERATE_INFOPLIST_FILE = YES;
				INFOPLIST_KEY_UIApplicationSceneManifest_Generation = YES;
				INFOPLIST_KEY_UIApplicationSupportsIndirectInputEvents = YES;
				INFOPLIST_KEY_UILaunchScreen_Generation = YES;
				INFOPLIST_KEY_UISupportedInterfaceOrientations_iPad = "UIInterfaceOrientationPortrait UIInterfaceOrientationPortraitUpsideDown UIInterfaceOrientationLandscapeLeft UIInterfaceOrientationLandscapeRight";
				INFOPLIST_KEY_UISupportedInterfaceOrientations_iPhone = "UIInterfaceOrientationPortrait UIInterfaceOrientationLandscapeLeft UIInterfaceOrientationLandscapeRight";
				LD_RUNPATH_SEARCH_PATHS = (
					"$(inherited)",
					"@executable_path/Frameworks",
				);
				MARKETING_VERSION = 1.0;
				PRODUCT_BUNDLE_IDENTIFIER = come.Reem.rr;
				PRODUCT_NAME = "$(TARGET_NAME)";
				SWIFT_EMIT_LOC_STRINGS = YES;
				SWIFT_VERSION = 5.0;
				TARGETED_DEVICE_FAMILY = "1,2";
			};
			name = Release;
		};
		11AA73F22CA930DD001761FE /* Debug */ = {
			isa = XCBuildConfiguration;
			buildSettings = {
				ALWAYS_EMBED_SWIFT_STANDARD_LIBRARIES = YES;
				BUNDLE_LOADER = "$(TEST_HOST)";
				CODE_SIGN_STYLE = Automatic;
				CURRENT_PROJECT_VERSION = 1;
				GENERATE_INFOPLIST_FILE = YES;
				IPHONEOS_DEPLOYMENT_TARGET = 17.5;
				MARKETING_VERSION = 1.0;
				PRODUCT_BUNDLE_IDENTIFIER = come.Reem.rrTests;
				PRODUCT_NAME = "$(TARGET_NAME)";
				SWIFT_EMIT_LOC_STRINGS = NO;
				SWIFT_VERSION = 5.0;
				TARGETED_DEVICE_FAMILY = "1,2";
				TEST_HOST = "$(BUILT_PRODUCTS_DIR)/rr.app/$(BUNDLE_EXECUTABLE_FOLDER_PATH)/rr";
			};
			name = Debug;
		};
		11AA73F32CA930DD001761FE /* Release */ = {
			isa = XCBuildConfiguration;
			buildSettings = {
				ALWAYS_EMBED_SWIFT_STANDARD_LIBRARIES = YES;
				BUNDLE_LOADER = "$(TEST_HOST)";
				CODE_SIGN_STYLE = Automatic;
				CURRENT_PROJECT_VERSION = 1;
				GENERATE_INFOPLIST_FILE = YES;
				IPHONEOS_DEPLOYMENT_TARGET = 17.5;
				MARKETING_VERSION = 1.0;
				PRODUCT_BUNDLE_IDENTIFIER = come.Reem.rrTests;
				PRODUCT_NAME = "$(TARGET_NAME)";
				SWIFT_EMIT_LOC_STRINGS = NO;
				SWIFT_VERSION = 5.0;
				TARGETED_DEVICE_FAMILY = "1,2";
				TEST_HOST = "$(BUILT_PRODUCTS_DIR)/rr.app/$(BUNDLE_EXECUTABLE_FOLDER_PATH)/rr";
			};
			name = Release;
		};
		11AA73F52CA930DD001761FE /* Debug */ = {
			isa = XCBuildConfiguration;
			buildSettings = {
				ALWAYS_EMBED_SWIFT_STANDARD_LIBRARIES = YES;
				CODE_SIGN_STYLE = Automatic;
				CURRENT_PROJECT_VERSION = 1;
				GENERATE_INFOPLIST_FILE = YES;
				MARKETING_VERSION = 1.0;
				PRODUCT_BUNDLE_IDENTIFIER = come.Reem.rrUITests;
				PRODUCT_NAME = "$(TARGET_NAME)";
				SWIFT_EMIT_LOC_STRINGS = NO;
				SWIFT_VERSION = 5.0;
				TARGETED_DEVICE_FAMILY = "1,2";
				TEST_TARGET_NAME = rr;
			};
			name = Debug;
		};
		11AA73F62CA930DD001761FE /* Release */ = {
			isa = XCBuildConfiguration;
			buildSettings = {
				ALWAYS_EMBED_SWIFT_STANDARD_LIBRARIES = YES;
				CODE_SIGN_STYLE = Automatic;
				CURRENT_PROJECT_VERSION = 1;
				GENERATE_INFOPLIST_FILE = YES;
				MARKETING_VERSION = 1.0;
				PRODUCT_BUNDLE_IDENTIFIER = come.Reem.rrUITests;
				PRODUCT_NAME = "$(TARGET_NAME)";
				SWIFT_EMIT_LOC_STRINGS = NO;
				SWIFT_VERSION = 5.0;
				TARGETED_DEVICE_FAMILY = "1,2";
				TEST_TARGET_NAME = rr;
			};
			name = Release;
		};
/* End XCBuildConfiguration section */

/* Begin XCConfigurationList section */
		11AA73C52CA930DD001761FE /* Build configuration list for PBXProject "rr" */ = {
			isa = XCConfigurationList;
			buildConfigurations = (
				11AA73EC2CA930DD001761FE /* Debug */,
				11AA73ED2CA930DD001761FE /* Release */,
			);
			defaultConfigurationIsVisible = 0;
			defaultConfigurationName = Release;
		};
		11AA73EE2CA930DD001761FE /* Build configuration list for PBXNativeTarget "rr" */ = {
			isa = XCConfigurationList;
			buildConfigurations = (
				11AA73EF2CA930DD001761FE /* Debug */,
				11AA73F02CA930DD001761FE /* Release */,
			);
			defaultConfigurationIsVisible = 0;
			defaultConfigurationName = Release;
		};
		11AA73F12CA930DD001761FE /* Build configuration list for PBXNativeTarget "rrTests" */ = {
			isa = XCConfigurationList;
			buildConfigurations = (
				11AA73F22CA930DD001761FE /* Debug */,
				11AA73F32CA930DD001761FE /* Release */,
			);
			defaultConfigurationIsVisible = 0;
			defaultConfigurationName = Release;
		};
		11AA73F42CA930DD001761FE /* Build configuration list for PBXNativeTarget "rrUITests" */ = {
			isa = XCConfigurationList;
			buildConfigurations = (
				11AA73F52CA930DD001761FE /* Debug */,
				11AA73F62CA930DD001761FE /* Release */,
			);
			defaultConfigurationIsVisible = 0;
			defaultConfigurationName = Release;
		};
/* End XCConfigurationList section */
	};
	rootObject = 11AA73C22CA930DC001761FE /* Project object */;
}
